
Microsoft Visual Studio Solution File, Format Version 12.00
# Visual Studio Version 17
VisualStudioVersion = 17.11.35312.102
MinimumVisualStudioVersion = 10.0.40219.1
Project("{9A19103F-16F7-4668-BE54-9A1E7A4F7556}") = "SkillIn.Entities", "SkillIn.Entities\SkillIn.Entities.csproj", "{C5091065-FDA6-4519-ADAD-8DCF46AB7CF1}"
EndProject
Project("{9A19103F-16F7-4668-BE54-9A1E7A4F7556}") = "SkillIn.Migrations", "SkillIn.Migrations\SkillIn.Migrations.csproj", "{F096B5F2-840E-402D-8424-5005A5404156}"
EndProject
Project("{9A19103F-16F7-4668-BE54-9A1E7A4F7556}") = "TEST.CreatePasswordSHA-512", "TEST.CreatePasswordSHA-512\TEST.CreatePasswordSHA-512.csproj", "{C5B26AA7-5717-4827-A046-59244281DD5A}"
EndProject
Project("{9A19103F-16F7-4668-BE54-9A1E7A4F7556}") = "SkillIn.Api", "SkillIn.Api\SkillIn.Api.csproj", "{AA3C7043-AF20-40EF-981D-434B782FF573}"
EndProject
Project("{54A90642-561A-4BB1-A94E-469ADEE60C69}") = "SkillIn.Frontend", "SkillIn.Frontend\SkillIn.Frontend.esproj", "{56E2C325-8B19-4063-A2FB-8F525E2D1093}"
EndProject
Global
	GlobalSection(SolutionConfigurationPlatforms) = preSolution
		Debug|Any CPU = Debug|Any CPU
		Release|Any CPU = Release|Any CPU
	EndGlobalSection
	GlobalSection(ProjectConfigurationPlatforms) = postSolution
		{C5091065-FDA6-4519-ADAD-8DCF46AB7CF1}.Debug|Any CPU.ActiveCfg = Debug|Any CPU
		{C5091065-FDA6-4519-ADAD-8DCF46AB7CF1}.Release|Any CPU.ActiveCfg = Release|Any CPU
		{C5091065-FDA6-4519-ADAD-8DCF46AB7CF1}.Release|Any CPU.Build.0 = Release|Any CPU
		{F096B5F2-840E-402D-8424-5005A5404156}.Debug|Any CPU.ActiveCfg = Debug|Any CPU
		{F096B5F2-840E-402D-8424-5005A5404156}.Release|Any CPU.ActiveCfg = Release|Any CPU
		{F096B5F2-840E-402D-8424-5005A5404156}.Release|Any CPU.Build.0 = Release|Any CPU
		{C5B26AA7-5717-4827-A046-59244281DD5A}.Debug|Any CPU.ActiveCfg = Debug|Any CPU
		{C5B26AA7-5717-4827-A046-59244281DD5A}.Release|Any CPU.ActiveCfg = Release|Any CPU
		{C5B26AA7-5717-4827-A046-59244281DD5A}.Release|Any CPU.Build.0 = Release|Any CPU
		{AA3C7043-AF20-40EF-981D-434B782FF573}.Debug|Any CPU.ActiveCfg = Debug|Any CPU
		{AA3C7043-AF20-40EF-981D-434B782FF573}.Release|Any CPU.ActiveCfg = Release|Any CPU
		{AA3C7043-AF20-40EF-981D-434B782FF573}.Release|Any CPU.Build.0 = Release|Any CPU
		{56E2C325-8B19-4063-A2FB-8F525E2D1093}.Debug|Any CPU.ActiveCfg = Debug|Any CPU
		{56E2C325-8B19-4063-A2FB-8F525E2D1093}.Debug|Any CPU.Build.0 = Debug|Any CPU
		{56E2C325-8B19-4063-A2FB-8F525E2D1093}.Debug|Any CPU.Deploy.0 = Debug|Any CPU
		{56E2C325-8B19-4063-A2FB-8F525E2D1093}.Release|Any CPU.ActiveCfg = Release|Any CPU
		{56E2C325-8B19-4063-A2FB-8F525E2D1093}.Release|Any CPU.Build.0 = Release|Any CPU
		{56E2C325-8B19-4063-A2FB-8F525E2D1093}.Release|Any CPU.Deploy.0 = Release|Any CPU
	EndGlobalSection
	GlobalSection(SolutionProperties) = preSolution
		HideSolutionNode = FALSE
	EndGlobalSection
	GlobalSection(ExtensibilityGlobals) = postSolution
		SolutionGuid = {585B5B49-77B1-4FD8-8E26-359F2DC714BD}
	EndGlobalSection
EndGlobal
